
Microsoft Visual Studio Solution File, Format Version 12.00
# Visual Studio 15
VisualStudioVersion = 15.0.28010.2026
MinimumVisualStudioVersion = 10.0.40219.1
Project("{FAE04EC0-301F-11D3-BF4B-00C04F79EFBC}") = "ExcelAddIn1", "ExcelAddIn1\ExcelAddIn1.csproj", "{A5F4F1C0-A617-446F-B31D-A16F93D72B98}"
EndProject
Global
	GlobalSection(SolutionConfigurationPlatforms) = preSolution
		Debug|Any CPU = Debug|Any CPU
		Release|Any CPU = Release|Any CPU
	EndGlobalSection
	GlobalSection(ProjectConfigurationPlatforms) = postSolution
		{A5F4F1C0-A617-446F-B31D-A16F93D72B98}.Debug|Any CPU.ActiveCfg = Debug|Any CPU
		{A5F4F1C0-A617-446F-B31D-A16F93D72B98}.Debug|Any CPU.Build.0 = Debug|Any CPU
		{A5F4F1C0-A617-446F-B31D-A16F93D72B98}.Release|Any CPU.ActiveCfg = Release|Any CPU
		{A5F4F1C0-A617-446F-B31D-A16F93D72B98}.Release|Any CPU.Build.0 = Release|Any CPU
	EndGlobalSection
	GlobalSection(SolutionProperties) = preSolution
		HideSolutionNode = FALSE
	EndGlobalSection
	GlobalSection(ExtensibilityGlobals) = postSolution
		SolutionGuid = {8B3476E4-BD71-43F1-8557-0269B95B69CD}
	EndGlobalSection
EndGlobal
